// !$*UTF8*$!
{
	archiveVersion = 1;
	classes = {
	};
	objectVersion = 56;
	objects = {

/* Begin PBXBuildFile section */
		024393832BAC920300263F15 /* ShopTillYouDropApp.swift in Sources */ = {isa = PBXBuildFile; fileRef = 024393822BAC920300263F15 /* ShopTillYouDropApp.swift */; };
		024393852BAC920300263F15 /* ContentView.swift in Sources */ = {isa = PBXBuildFile; fileRef = 024393842BAC920300263F15 /* ContentView.swift */; };
		024393872BAC920400263F15 /* Assets.xcassets in Resources */ = {isa = PBXBuildFile; fileRef = 024393862BAC920400263F15 /* Assets.xcassets */; };
		0243938A2BAC920400263F15 /* Preview Assets.xcassets in Resources */ = {isa = PBXBuildFile; fileRef = 024393892BAC920400263F15 /* Preview Assets.xcassets */; };
		024393922BAC95F200263F15 /* Amplify in Frameworks */ = {isa = PBXBuildFile; productRef = 024393912BAC95F200263F15 /* Amplify */; };
		024393962BAC96DA00263F15 /* Login.swift in Sources */ = {isa = PBXBuildFile; fileRef = 024393952BAC96DA00263F15 /* Login.swift */; };
		024393982BAC970500263F15 /* Signup.swift in Sources */ = {isa = PBXBuildFile; fileRef = 024393972BAC970500263F15 /* Signup.swift */; };
		0243939A2BAC972F00263F15 /* ConfirmSignup.swift in Sources */ = {isa = PBXBuildFile; fileRef = 024393992BAC972F00263F15 /* ConfirmSignup.swift */; };
		0243939D2BAE11AE00263F15 /* AWSCognitoAuthPlugin in Frameworks */ = {isa = PBXBuildFile; productRef = 0243939C2BAE11AE00263F15 /* AWSCognitoAuthPlugin */; };
		024393A02BAE147100263F15 /* Components.swift in Sources */ = {isa = PBXBuildFile; fileRef = 0243939F2BAE147100263F15 /* Components.swift */; };
		024393A22BAE1A1D00263F15 /* AWSDataStorePlugin in Frameworks */ = {isa = PBXBuildFile; productRef = 024393A12BAE1A1D00263F15 /* AWSDataStorePlugin */; };
		024393A52BAE1A8600263F15 /* UserState.swift in Sources */ = {isa = PBXBuildFile; fileRef = 024393A42BAE1A8600263F15 /* UserState.swift */; };
		024393A72BAE1AD000263F15 /* AppError.swift in Sources */ = {isa = PBXBuildFile; fileRef = 024393A62BAE1AD000263F15 /* AppError.swift */; };
		024393A92BAE1AEB00263F15 /* SessionView.swift in Sources */ = {isa = PBXBuildFile; fileRef = 024393A82BAE1AEB00263F15 /* SessionView.swift */; };
		024393AB2BAE1BBE00263F15 /* UserProfile.swift in Sources */ = {isa = PBXBuildFile; fileRef = 024393AA2BAE1BBE00263F15 /* UserProfile.swift */; };
		024393AD2BAE1C0400263F15 /* MainTab.swift in Sources */ = {isa = PBXBuildFile; fileRef = 024393AC2BAE1C0400263F15 /* MainTab.swift */; };
		024393B02BAE1DA000263F15 /* AvatarView.swift in Sources */ = {isa = PBXBuildFile; fileRef = 024393AF2BAE1DA000263F15 /* AvatarView.swift */; };
		024393B32BAE200500263F15 /* AmplifyImage in Frameworks */ = {isa = PBXBuildFile; productRef = 024393B22BAE200500263F15 /* AmplifyImage */; };
		02A6CDE12BB271A6003A3FAD /* AWSS3StoragePlugin in Frameworks */ = {isa = PBXBuildFile; productRef = 02A6CDE02BB271A6003A3FAD /* AWSS3StoragePlugin */; };
		02A6CDE42BB27361003A3FAD /* ImagePickerView.swift in Sources */ = {isa = PBXBuildFile; fileRef = 02A6CDE32BB27361003A3FAD /* ImagePickerView.swift */; };
		02A6CDE62BB27965003A3FAD /* Homepage.swift in Sources */ = {isa = PBXBuildFile; fileRef = 02A6CDE52BB27965003A3FAD /* Homepage.swift */; };
		02A6CDE82BB27B0F003A3FAD /* Input.swift in Sources */ = {isa = PBXBuildFile; fileRef = 02A6CDE72BB27B0F003A3FAD /* Input.swift */; };
		02A6CDEA2BB27BC4003A3FAD /* LibraryPicker.swift in Sources */ = {isa = PBXBuildFile; fileRef = 02A6CDE92BB27BC4003A3FAD /* LibraryPicker.swift */; };
		02A6CDEC2BB27C1F003A3FAD /* Classifier.swift in Sources */ = {isa = PBXBuildFile; fileRef = 02A6CDEB2BB27C1F003A3FAD /* Classifier.swift */; };
		02A6CDEE2BB27C79003A3FAD /* ImageClassifier.swift in Sources */ = {isa = PBXBuildFile; fileRef = 02A6CDED2BB27C79003A3FAD /* ImageClassifier.swift */; };
		02A6CDF02BB27CE4003A3FAD /* MobileNetV2.mlmodel in Sources */ = {isa = PBXBuildFile; fileRef = 02A6CDEF2BB27CE3003A3FAD /* MobileNetV2.mlmodel */; };
		02A6CDF42BB386E2003A3FAD /* Product.swift in Sources */ = {isa = PBXBuildFile; fileRef = 02A6CDF32BB386E2003A3FAD /* Product.swift */; };
		02A6CDF82BB387CC003A3FAD /* ProductView.swift in Sources */ = {isa = PBXBuildFile; fileRef = 02A6CDF72BB387CC003A3FAD /* ProductView.swift */; };
		0DDCFE163DB4F763B04CCB01 /* AmplifyModels.swift in Sources */ = {isa = PBXBuildFile; fileRef = 322E40C4C84A2D51A0BD47BB /* AmplifyModels.swift */; };
		27AA83A9B20ED8B249EB3AED /* User.swift in Sources */ = {isa = PBXBuildFile; fileRef = 6B6DF7E36FA4A6A0E17082E7 /* User.swift */; };
		CD9532568E41E346560876A7 /* amplifyconfiguration.json in Resources */ = {isa = PBXBuildFile; fileRef = 4A6DC5336CD7AA84BDEC2397 /* amplifyconfiguration.json */; };
		D45F7F934093A35533B52F96 /* User+Schema.swift in Sources */ = {isa = PBXBuildFile; fileRef = A0296ADF5FB6F1F0D4C18366 /* User+Schema.swift */; };
		E8544810EECADD6848CE9990 /* awsconfiguration.json in Resources */ = {isa = PBXBuildFile; fileRef = 0BF00ADDF096579884C9D65E /* awsconfiguration.json */; };
/* End PBXBuildFile section */

/* Begin PBXFileReference section */
		0243937F2BAC920300263F15 /* ShopTillYouDrop.app */ = {isa = PBXFileReference; explicitFileType = wrapper.application; includeInIndex = 0; path = ShopTillYouDrop.app; sourceTree = BUILT_PRODUCTS_DIR; };
		024393822BAC920300263F15 /* ShopTillYouDropApp.swift */ = {isa = PBXFileReference; lastKnownFileType = sourcecode.swift; path = ShopTillYouDropApp.swift; sourceTree = "<group>"; };
		024393842BAC920300263F15 /* ContentView.swift */ = {isa = PBXFileReference; lastKnownFileType = sourcecode.swift; path = ContentView.swift; sourceTree = "<group>"; };
		024393862BAC920400263F15 /* Assets.xcassets */ = {isa = PBXFileReference; lastKnownFileType = folder.assetcatalog; path = Assets.xcassets; sourceTree = "<group>"; };
		024393892BAC920400263F15 /* Preview Assets.xcassets */ = {isa = PBXFileReference; lastKnownFileType = folder.assetcatalog; path = "Preview Assets.xcassets"; sourceTree = "<group>"; };
		024393952BAC96DA00263F15 /* Login.swift */ = {isa = PBXFileReference; lastKnownFileType = sourcecode.swift; path = Login.swift; sourceTree = "<group>"; };
		024393972BAC970500263F15 /* Signup.swift */ = {isa = PBXFileReference; lastKnownFileType = sourcecode.swift; path = Signup.swift; sourceTree = "<group>"; };
		024393992BAC972F00263F15 /* ConfirmSignup.swift */ = {isa = PBXFileReference; lastKnownFileType = sourcecode.swift; path = ConfirmSignup.swift; sourceTree = "<group>"; };
		0243939F2BAE147100263F15 /* Components.swift */ = {isa = PBXFileReference; lastKnownFileType = sourcecode.swift; path = Components.swift; sourceTree = "<group>"; };
		024393A42BAE1A8600263F15 /* UserState.swift */ = {isa = PBXFileReference; lastKnownFileType = sourcecode.swift; path = UserState.swift; sourceTree = "<group>"; };
		024393A62BAE1AD000263F15 /* AppError.swift */ = {isa = PBXFileReference; lastKnownFileType = sourcecode.swift; path = AppError.swift; sourceTree = "<group>"; };
		024393A82BAE1AEB00263F15 /* SessionView.swift */ = {isa = PBXFileReference; lastKnownFileType = sourcecode.swift; path = SessionView.swift; sourceTree = "<group>"; };
		024393AA2BAE1BBE00263F15 /* UserProfile.swift */ = {isa = PBXFileReference; lastKnownFileType = sourcecode.swift; path = UserProfile.swift; sourceTree = "<group>"; };
		024393AC2BAE1C0400263F15 /* MainTab.swift */ = {isa = PBXFileReference; lastKnownFileType = sourcecode.swift; path = MainTab.swift; sourceTree = "<group>"; };
		024393AF2BAE1DA000263F15 /* AvatarView.swift */ = {isa = PBXFileReference; lastKnownFileType = sourcecode.swift; path = AvatarView.swift; sourceTree = "<group>"; };
		02A6CDE32BB27361003A3FAD /* ImagePickerView.swift */ = {isa = PBXFileReference; lastKnownFileType = sourcecode.swift; path = ImagePickerView.swift; sourceTree = "<group>"; };
		02A6CDE52BB27965003A3FAD /* Homepage.swift */ = {isa = PBXFileReference; lastKnownFileType = sourcecode.swift; path = Homepage.swift; sourceTree = "<group>"; };
		02A6CDE72BB27B0F003A3FAD /* Input.swift */ = {isa = PBXFileReference; lastKnownFileType = sourcecode.swift; path = Input.swift; sourceTree = "<group>"; };
		02A6CDE92BB27BC4003A3FAD /* LibraryPicker.swift */ = {isa = PBXFileReference; lastKnownFileType = sourcecode.swift; path = LibraryPicker.swift; sourceTree = "<group>"; };
		02A6CDEB2BB27C1F003A3FAD /* Classifier.swift */ = {isa = PBXFileReference; lastKnownFileType = sourcecode.swift; path = Classifier.swift; sourceTree = "<group>"; };
		02A6CDED2BB27C79003A3FAD /* ImageClassifier.swift */ = {isa = PBXFileReference; lastKnownFileType = sourcecode.swift; path = ImageClassifier.swift; sourceTree = "<group>"; };
		02A6CDEF2BB27CE3003A3FAD /* MobileNetV2.mlmodel */ = {isa = PBXFileReference; lastKnownFileType = file.mlmodel; path = MobileNetV2.mlmodel; sourceTree = "<group>"; };
		02A6CDF32BB386E2003A3FAD /* Product.swift */ = {isa = PBXFileReference; lastKnownFileType = sourcecode.swift; path = Product.swift; sourceTree = "<group>"; };
		02A6CDF72BB387CC003A3FAD /* ProductView.swift */ = {isa = PBXFileReference; lastKnownFileType = sourcecode.swift; path = ProductView.swift; sourceTree = "<group>"; };
		0BF00ADDF096579884C9D65E /* awsconfiguration.json */ = {isa = PBXFileReference; explicitFileType = text.json; path = awsconfiguration.json; sourceTree = "<group>"; };
		322E40C4C84A2D51A0BD47BB /* AmplifyModels.swift */ = {isa = PBXFileReference; explicitFileType = sourcecode.swift; name = AmplifyModels.swift; path = amplify/generated/models/AmplifyModels.swift; sourceTree = "<group>"; };
		4A6DC5336CD7AA84BDEC2397 /* amplifyconfiguration.json */ = {isa = PBXFileReference; explicitFileType = text.json; path = amplifyconfiguration.json; sourceTree = "<group>"; };
		6B6DF7E36FA4A6A0E17082E7 /* User.swift */ = {isa = PBXFileReference; explicitFileType = sourcecode.swift; name = User.swift; path = amplify/generated/models/User.swift; sourceTree = "<group>"; };
		A0296ADF5FB6F1F0D4C18366 /* User+Schema.swift */ = {isa = PBXFileReference; explicitFileType = sourcecode.swift; name = "User+Schema.swift"; path = "amplify/generated/models/User+Schema.swift"; sourceTree = "<group>"; };
/* End PBXFileReference section */

/* Begin PBXFrameworksBuildPhase section */
		0243937C2BAC920300263F15 /* Frameworks */ = {
			isa = PBXFrameworksBuildPhase;
			buildActionMask = 2147483647;
			files = (
				02A6CDE12BB271A6003A3FAD /* AWSS3StoragePlugin in Frameworks */,
				024393A22BAE1A1D00263F15 /* AWSDataStorePlugin in Frameworks */,
				024393B32BAE200500263F15 /* AmplifyImage in Frameworks */,
				024393922BAC95F200263F15 /* Amplify in Frameworks */,
				0243939D2BAE11AE00263F15 /* AWSCognitoAuthPlugin in Frameworks */,
			);
			runOnlyForDeploymentPostprocessing = 0;
		};
/* End PBXFrameworksBuildPhase section */

/* Begin PBXGroup section */
		024393762BAC920200263F15 = {
			isa = PBXGroup;
			children = (
				024393812BAC920300263F15 /* ShopTillYouDrop */,
				024393802BAC920300263F15 /* Products */,
				FC444AAD0BA51DF91131197C /* AmplifyConfig */,
				0243939B2BAE11AE00263F15 /* Frameworks */,
				A81BD6EDC4AE69B97DF1D3B9 /* AmplifyModels */,
			);
			sourceTree = "<group>";
		};
		024393802BAC920300263F15 /* Products */ = {
			isa = PBXGroup;
			children = (
				0243937F2BAC920300263F15 /* ShopTillYouDrop.app */,
			);
			name = Products;
			sourceTree = "<group>";
		};
		024393812BAC920300263F15 /* ShopTillYouDrop */ = {
			isa = PBXGroup;
			children = (
				02A6CDE22BB27353003A3FAD /* Controller */,
				024393A32BAE1A6F00263F15 /* Model */,
				0243939E2BAE146100263F15 /* Components */,
				024393942BAC96B600263F15 /* Views */,
				024393822BAC920300263F15 /* ShopTillYouDropApp.swift */,
				024393842BAC920300263F15 /* ContentView.swift */,
				024393862BAC920400263F15 /* Assets.xcassets */,
				024393882BAC920400263F15 /* Preview Content */,
			);
			path = ShopTillYouDrop;
			sourceTree = "<group>";
		};
		024393882BAC920400263F15 /* Preview Content */ = {
			isa = PBXGroup;
			children = (
				024393892BAC920400263F15 /* Preview Assets.xcassets */,
			);
			path = "Preview Content";
			sourceTree = "<group>";
		};
		024393942BAC96B600263F15 /* Views */ = {
			isa = PBXGroup;
			children = (
				024393A82BAE1AEB00263F15 /* SessionView.swift */,
				024393952BAC96DA00263F15 /* Login.swift */,
				024393972BAC970500263F15 /* Signup.swift */,
				024393992BAC972F00263F15 /* ConfirmSignup.swift */,
				024393AA2BAE1BBE00263F15 /* UserProfile.swift */,
				024393AC2BAE1C0400263F15 /* MainTab.swift */,
				024393AF2BAE1DA000263F15 /* AvatarView.swift */,
				02A6CDE52BB27965003A3FAD /* Homepage.swift */,
				02A6CDE72BB27B0F003A3FAD /* Input.swift */,
				02A6CDF72BB387CC003A3FAD /* ProductView.swift */,
			);
			path = Views;
			sourceTree = "<group>";
		};
		0243939B2BAE11AE00263F15 /* Frameworks */ = {
			isa = PBXGroup;
			children = (
			);
			name = Frameworks;
			sourceTree = "<group>";
		};
		0243939E2BAE146100263F15 /* Components */ = {
			isa = PBXGroup;
			children = (
				02A6CDEF2BB27CE3003A3FAD /* MobileNetV2.mlmodel */,
				0243939F2BAE147100263F15 /* Components.swift */,
			);
			path = Components;
			sourceTree = "<group>";
		};
		024393A32BAE1A6F00263F15 /* Model */ = {
			isa = PBXGroup;
			children = (
				024393A42BAE1A8600263F15 /* UserState.swift */,
				024393A62BAE1AD000263F15 /* AppError.swift */,
				02A6CDEB2BB27C1F003A3FAD /* Classifier.swift */,
				02A6CDED2BB27C79003A3FAD /* ImageClassifier.swift */,
				02A6CDF32BB386E2003A3FAD /* Product.swift */,
			);
			path = Model;
			sourceTree = "<group>";
		};
		02A6CDE22BB27353003A3FAD /* Controller */ = {
			isa = PBXGroup;
			children = (
				02A6CDE32BB27361003A3FAD /* ImagePickerView.swift */,
				02A6CDE92BB27BC4003A3FAD /* LibraryPicker.swift */,
			);
			path = Controller;
			sourceTree = "<group>";
		};
		A81BD6EDC4AE69B97DF1D3B9 /* AmplifyModels */ = {
			isa = PBXGroup;
			children = (
				322E40C4C84A2D51A0BD47BB /* AmplifyModels.swift */,
				A0296ADF5FB6F1F0D4C18366 /* User+Schema.swift */,
				6B6DF7E36FA4A6A0E17082E7 /* User.swift */,
			);
			name = AmplifyModels;
			sourceTree = "<group>";
		};
		FC444AAD0BA51DF91131197C /* AmplifyConfig */ = {
			isa = PBXGroup;
			children = (
				0BF00ADDF096579884C9D65E /* awsconfiguration.json */,
				4A6DC5336CD7AA84BDEC2397 /* amplifyconfiguration.json */,
			);
			name = AmplifyConfig;
			sourceTree = "<group>";
		};
/* End PBXGroup section */

/* Begin PBXNativeTarget section */
		0243937E2BAC920300263F15 /* ShopTillYouDrop */ = {
			isa = PBXNativeTarget;
			buildConfigurationList = 0243938D2BAC920400263F15 /* Build configuration list for PBXNativeTarget "ShopTillYouDrop" */;
			buildPhases = (
				0243937B2BAC920300263F15 /* Sources */,
				0243937C2BAC920300263F15 /* Frameworks */,
				0243937D2BAC920300263F15 /* Resources */,
			);
			buildRules = (
			);
			dependencies = (
			);
			name = ShopTillYouDrop;
			packageProductDependencies = (
				024393912BAC95F200263F15 /* Amplify */,
				0243939C2BAE11AE00263F15 /* AWSCognitoAuthPlugin */,
				024393A12BAE1A1D00263F15 /* AWSDataStorePlugin */,
				024393B22BAE200500263F15 /* AmplifyImage */,
				02A6CDE02BB271A6003A3FAD /* AWSS3StoragePlugin */,
			);
			productName = ShopTillYouDrop;
			productReference = 0243937F2BAC920300263F15 /* ShopTillYouDrop.app */;
			productType = "com.apple.product-type.application";
		};
/* End PBXNativeTarget section */

/* Begin PBXProject section */
		024393772BAC920200263F15 /* Project object */ = {
			isa = PBXProject;
			attributes = {
				BuildIndependentTargetsInParallel = 1;
				LastSwiftUpdateCheck = 1410;
				LastUpgradeCheck = 1410;
				TargetAttributes = {
					0243937E2BAC920300263F15 = {
						CreatedOnToolsVersion = 14.1;
					};
				};
			};
			buildConfigurationList = 0243937A2BAC920200263F15 /* Build configuration list for PBXProject "ShopTillYouDrop" */;
			compatibilityVersion = "Xcode 14.0";
			developmentRegion = en;
			hasScannedForEncodings = 0;
			knownRegions = (
				en,
				Base,
			);
			mainGroup = 024393762BAC920200263F15;
			packageReferences = (
				024393902BAC95F200263F15 /* XCRemoteSwiftPackageReference "amplify-ios" */,
				024393B12BAE200500263F15 /* XCRemoteSwiftPackageReference "AmplifyImage" */,
			);
			productRefGroup = 024393802BAC920300263F15 /* Products */;
			projectDirPath = "";
			projectRoot = "";
			targets = (
				0243937E2BAC920300263F15 /* ShopTillYouDrop */,
			);
		};
/* End PBXProject section */

/* Begin PBXResourcesBuildPhase section */
		0243937D2BAC920300263F15 /* Resources */ = {
			isa = PBXResourcesBuildPhase;
			buildActionMask = 2147483647;
			files = (
				0243938A2BAC920400263F15 /* Preview Assets.xcassets in Resources */,
				024393872BAC920400263F15 /* Assets.xcassets in Resources */,
				E8544810EECADD6848CE9990 /* awsconfiguration.json in Resources */,
				CD9532568E41E346560876A7 /* amplifyconfiguration.json in Resources */,
			);
			runOnlyForDeploymentPostprocessing = 0;
		};
/* End PBXResourcesBuildPhase section */

/* Begin PBXSourcesBuildPhase section */
		0243937B2BAC920300263F15 /* Sources */ = {
			isa = PBXSourcesBuildPhase;
			buildActionMask = 2147483647;
			files = (
				02A6CDF82BB387CC003A3FAD /* ProductView.swift in Sources */,
				02A6CDEC2BB27C1F003A3FAD /* Classifier.swift in Sources */,
				024393962BAC96DA00263F15 /* Login.swift in Sources */,
				024393A02BAE147100263F15 /* Components.swift in Sources */,
				02A6CDE82BB27B0F003A3FAD /* Input.swift in Sources */,
				024393982BAC970500263F15 /* Signup.swift in Sources */,
				0243939A2BAC972F00263F15 /* ConfirmSignup.swift in Sources */,
				024393852BAC920300263F15 /* ContentView.swift in Sources */,
				024393832BAC920300263F15 /* ShopTillYouDropApp.swift in Sources */,
				024393AD2BAE1C0400263F15 /* MainTab.swift in Sources */,
				024393A52BAE1A8600263F15 /* UserState.swift in Sources */,
				02A6CDEA2BB27BC4003A3FAD /* LibraryPicker.swift in Sources */,
				024393A92BAE1AEB00263F15 /* SessionView.swift in Sources */,
				0DDCFE163DB4F763B04CCB01 /* AmplifyModels.swift in Sources */,
				024393A72BAE1AD000263F15 /* AppError.swift in Sources */,
				D45F7F934093A35533B52F96 /* User+Schema.swift in Sources */,
				02A6CDE42BB27361003A3FAD /* ImagePickerView.swift in Sources */,
				02A6CDE62BB27965003A3FAD /* Homepage.swift in Sources */,
				02A6CDF42BB386E2003A3FAD /* Product.swift in Sources */,
				27AA83A9B20ED8B249EB3AED /* User.swift in Sources */,
				024393B02BAE1DA000263F15 /* AvatarView.swift in Sources */,
				02A6CDEE2BB27C79003A3FAD /* ImageClassifier.swift in Sources */,
				02A6CDF02BB27CE4003A3FAD /* MobileNetV2.mlmodel in Sources */,
				024393AB2BAE1BBE00263F15 /* UserProfile.swift in Sources */,
			);
			runOnlyForDeploymentPostprocessing = 0;
		};
/* End PBXSourcesBuildPhase section */

/* Begin XCBuildConfiguration section */
		0243938B2BAC920400263F15 /* Debug */ = {
			isa = XCBuildConfiguration;
			buildSettings = {
				ALWAYS_SEARCH_USER_PATHS = NO;
				CLANG_ANALYZER_NONNULL = YES;
				CLANG_ANALYZER_NUMBER_OBJECT_CONVERSION = YES_AGGRESSIVE;
				CLANG_CXX_LANGUAGE_STANDARD = "gnu++20";
				CLANG_ENABLE_MODULES = YES;
				CLANG_ENABLE_OBJC_ARC = YES;
				CLANG_ENABLE_OBJC_WEAK = YES;
				CLANG_WARN_BLOCK_CAPTURE_AUTORELEASING = YES;
				CLANG_WARN_BOOL_CONVERSION = YES;
				CLANG_WARN_COMMA = YES;
				CLANG_WARN_CONSTANT_CONVERSION = YES;
				CLANG_WARN_DEPRECATED_OBJC_IMPLEMENTATIONS = YES;
				CLANG_WARN_DIRECT_OBJC_ISA_USAGE = YES_ERROR;
				CLANG_WARN_DOCUMENTATION_COMMENTS = YES;
				CLANG_WARN_EMPTY_BODY = YES;
				CLANG_WARN_ENUM_CONVERSION = YES;
				CLANG_WARN_INFINITE_RECURSION = YES;
				CLANG_WARN_INT_CONVERSION = YES;
				CLANG_WARN_NON_LITERAL_NULL_CONVERSION = YES;
				CLANG_WARN_OBJC_IMPLICIT_RETAIN_SELF = YES;
				CLANG_WARN_OBJC_LITERAL_CONVERSION = YES;
				CLANG_WARN_OBJC_ROOT_CLASS = YES_ERROR;
				CLANG_WARN_QUOTED_INCLUDE_IN_FRAMEWORK_HEADER = YES;
				CLANG_WARN_RANGE_LOOP_ANALYSIS = YES;
				CLANG_WARN_STRICT_PROTOTYPES = YES;
				CLANG_WARN_SUSPICIOUS_MOVE = YES;
				CLANG_WARN_UNGUARDED_AVAILABILITY = YES_AGGRESSIVE;
				CLANG_WARN_UNREACHABLE_CODE = YES;
				CLANG_WARN__DUPLICATE_METHOD_MATCH = YES;
				COPY_PHASE_STRIP = NO;
				DEBUG_INFORMATION_FORMAT = dwarf;
				ENABLE_STRICT_OBJC_MSGSEND = YES;
				ENABLE_TESTABILITY = YES;
				GCC_C_LANGUAGE_STANDARD = gnu11;
				GCC_DYNAMIC_NO_PIC = NO;
				GCC_NO_COMMON_BLOCKS = YES;
				GCC_OPTIMIZATION_LEVEL = 0;
				GCC_PREPROCESSOR_DEFINITIONS = (
					"DEBUG=1",
					"$(inherited)",
				);
				GCC_WARN_64_TO_32_BIT_CONVERSION = YES;
				GCC_WARN_ABOUT_RETURN_TYPE = YES_ERROR;
				GCC_WARN_UNDECLARED_SELECTOR = YES;
				GCC_WARN_UNINITIALIZED_AUTOS = YES_AGGRESSIVE;
				GCC_WARN_UNUSED_FUNCTION = YES;
				GCC_WARN_UNUSED_VARIABLE = YES;
				IPHONEOS_DEPLOYMENT_TARGET = 16.1;
				MTL_ENABLE_DEBUG_INFO = INCLUDE_SOURCE;
				MTL_FAST_MATH = YES;
				ONLY_ACTIVE_ARCH = YES;
				SDKROOT = iphoneos;
				SWIFT_ACTIVE_COMPILATION_CONDITIONS = DEBUG;
				SWIFT_OPTIMIZATION_LEVEL = "-Onone";
			};
			name = Debug;
		};
		0243938C2BAC920400263F15 /* Release */ = {
			isa = XCBuildConfiguration;
			buildSettings = {
				ALWAYS_SEARCH_USER_PATHS = NO;
				CLANG_ANALYZER_NONNULL = YES;
				CLANG_ANALYZER_NUMBER_OBJECT_CONVERSION = YES_AGGRESSIVE;
				CLANG_CXX_LANGUAGE_STANDARD = "gnu++20";
				CLANG_ENABLE_MODULES = YES;
				CLANG_ENABLE_OBJC_ARC = YES;
				CLANG_ENABLE_OBJC_WEAK = YES;
				CLANG_WARN_BLOCK_CAPTURE_AUTORELEASING = YES;
				CLANG_WARN_BOOL_CONVERSION = YES;
				CLANG_WARN_COMMA = YES;
				CLANG_WARN_CONSTANT_CONVERSION = YES;
				CLANG_WARN_DEPRECATED_OBJC_IMPLEMENTATIONS = YES;
				CLANG_WARN_DIRECT_OBJC_ISA_USAGE = YES_ERROR;
				CLANG_WARN_DOCUMENTATION_COMMENTS = YES;
				CLANG_WARN_EMPTY_BODY = YES;
				CLANG_WARN_ENUM_CONVERSION = YES;
				CLANG_WARN_INFINITE_RECURSION = YES;
				CLANG_WARN_INT_CONVERSION = YES;
				CLANG_WARN_NON_LITERAL_NULL_CONVERSION = YES;
				CLANG_WARN_OBJC_IMPLICIT_RETAIN_SELF = YES;
				CLANG_WARN_OBJC_LITERAL_CONVERSION = YES;
				CLANG_WARN_OBJC_ROOT_CLASS = YES_ERROR;
				CLANG_WARN_QUOTED_INCLUDE_IN_FRAMEWORK_HEADER = YES;
				CLANG_WARN_RANGE_LOOP_ANALYSIS = YES;
				CLANG_WARN_STRICT_PROTOTYPES = YES;
				CLANG_WARN_SUSPICIOUS_MOVE = YES;
				CLANG_WARN_UNGUARDED_AVAILABILITY = YES_AGGRESSIVE;
				CLANG_WARN_UNREACHABLE_CODE = YES;
				CLANG_WARN__DUPLICATE_METHOD_MATCH = YES;
				COPY_PHASE_STRIP = NO;
				DEBUG_INFORMATION_FORMAT = "dwarf-with-dsym";
				ENABLE_NS_ASSERTIONS = NO;
				ENABLE_STRICT_OBJC_MSGSEND = YES;
				GCC_C_LANGUAGE_STANDARD = gnu11;
				GCC_NO_COMMON_BLOCKS = YES;
				GCC_WARN_64_TO_32_BIT_CONVERSION = YES;
				GCC_WARN_ABOUT_RETURN_TYPE = YES_ERROR;
				GCC_WARN_UNDECLARED_SELECTOR = YES;
				GCC_WARN_UNINITIALIZED_AUTOS = YES_AGGRESSIVE;
				GCC_WARN_UNUSED_FUNCTION = YES;
				GCC_WARN_UNUSED_VARIABLE = YES;
				IPHONEOS_DEPLOYMENT_TARGET = 16.1;
				MTL_ENABLE_DEBUG_INFO = NO;
				MTL_FAST_MATH = YES;
				SDKROOT = iphoneos;
				SWIFT_COMPILATION_MODE = wholemodule;
				SWIFT_OPTIMIZATION_LEVEL = "-O";
				VALIDATE_PRODUCT = YES;
			};
			name = Release;
		};
		0243938E2BAC920400263F15 /* Debug */ = {
			isa = XCBuildConfiguration;
			buildSettings = {
				ASSETCATALOG_COMPILER_APPICON_NAME = AppIcon;
				ASSETCATALOG_COMPILER_GLOBAL_ACCENT_COLOR_NAME = AccentColor;
				CODE_SIGN_STYLE = Automatic;
				CURRENT_PROJECT_VERSION = 1;
				DEVELOPMENT_ASSET_PATHS = "\"ShopTillYouDrop/Preview Content\"";
				DEVELOPMENT_TEAM = PNR82J99FX;
				ENABLE_PREVIEWS = YES;
				GENERATE_INFOPLIST_FILE = YES;
				INFOPLIST_KEY_NSPhotoLibraryUsageDescription = "";
				INFOPLIST_KEY_UIApplicationSceneManifest_Generation = YES;
				INFOPLIST_KEY_UIApplicationSupportsIndirectInputEvents = YES;
				INFOPLIST_KEY_UILaunchScreen_Generation = YES;
				INFOPLIST_KEY_UISupportedInterfaceOrientations_iPad = "UIInterfaceOrientationPortrait UIInterfaceOrientationPortraitUpsideDown UIInterfaceOrientationLandscapeLeft UIInterfaceOrientationLandscapeRight";
				INFOPLIST_KEY_UISupportedInterfaceOrientations_iPhone = "UIInterfaceOrientationPortrait UIInterfaceOrientationLandscapeLeft UIInterfaceOrientationLandscapeRight";
				LD_RUNPATH_SEARCH_PATHS = (
					"$(inherited)",
					"@executable_path/Frameworks",
				);
				MARKETING_VERSION = 1.0;
				PRODUCT_BUNDLE_IDENTIFIER = com.muaz.ShopTillYouDrop;
				PRODUCT_NAME = "$(TARGET_NAME)";
				SWIFT_EMIT_LOC_STRINGS = YES;
				SWIFT_VERSION = 5.0;
				TARGETED_DEVICE_FAMILY = "1,2";
			};
			name = Debug;
		};
		0243938F2BAC920400263F15 /* Release */ = {
			isa = XCBuildConfiguration;
			buildSettings = {
				ASSETCATALOG_COMPILER_APPICON_NAME = AppIcon;
				ASSETCATALOG_COMPILER_GLOBAL_ACCENT_COLOR_NAME = AccentColor;
				CODE_SIGN_STYLE = Automatic;
				CURRENT_PROJECT_VERSION = 1;
				DEVELOPMENT_ASSET_PATHS = "\"ShopTillYouDrop/Preview Content\"";
				DEVELOPMENT_TEAM = PNR82J99FX;
				ENABLE_PREVIEWS = YES;
				GENERATE_INFOPLIST_FILE = YES;
				INFOPLIST_KEY_NSPhotoLibraryUsageDescription = "";
				INFOPLIST_KEY_UIApplicationSceneManifest_Generation = YES;
				INFOPLIST_KEY_UIApplicationSupportsIndirectInputEvents = YES;
				INFOPLIST_KEY_UILaunchScreen_Generation = YES;
				INFOPLIST_KEY_UISupportedInterfaceOrientations_iPad = "UIInterfaceOrientationPortrait UIInterfaceOrientationPortraitUpsideDown UIInterfaceOrientationLandscapeLeft UIInterfaceOrientationLandscapeRight";
				INFOPLIST_KEY_UISupportedInterfaceOrientations_iPhone = "UIInterfaceOrientationPortrait UIInterfaceOrientationLandscapeLeft UIInterfaceOrientationLandscapeRight";
				LD_RUNPATH_SEARCH_PATHS = (
					"$(inherited)",
					"@executable_path/Frameworks",
				);
				MARKETING_VERSION = 1.0;
				PRODUCT_BUNDLE_IDENTIFIER = com.muaz.ShopTillYouDrop;
				PRODUCT_NAME = "$(TARGET_NAME)";
				SWIFT_EMIT_LOC_STRINGS = YES;
				SWIFT_VERSION = 5.0;
				TARGETED_DEVICE_FAMILY = "1,2";
			};
			name = Release;
		};
/* End XCBuildConfiguration section */

/* Begin XCConfigurationList section */
		0243937A2BAC920200263F15 /* Build configuration list for PBXProject "ShopTillYouDrop" */ = {
			isa = XCConfigurationList;
			buildConfigurations = (
				0243938B2BAC920400263F15 /* Debug */,
				0243938C2BAC920400263F15 /* Release */,
			);
			defaultConfigurationIsVisible = 0;
			defaultConfigurationName = Release;
		};
		0243938D2BAC920400263F15 /* Build configuration list for PBXNativeTarget "ShopTillYouDrop" */ = {
			isa = XCConfigurationList;
			buildConfigurations = (
				0243938E2BAC920400263F15 /* Debug */,
				0243938F2BAC920400263F15 /* Release */,
			);
			defaultConfigurationIsVisible = 0;
			defaultConfigurationName = Release;
		};
/* End XCConfigurationList section */

/* Begin XCRemoteSwiftPackageReference section */
		024393902BAC95F200263F15 /* XCRemoteSwiftPackageReference "amplify-ios" */ = {
			isa = XCRemoteSwiftPackageReference;
			repositoryURL = "https://github.com/aws-amplify/amplify-ios";
			requirement = {
				kind = upToNextMajorVersion;
				minimumVersion = 2.0.0;
			};
		};
		024393B12BAE200500263F15 /* XCRemoteSwiftPackageReference "AmplifyImage" */ = {
			isa = XCRemoteSwiftPackageReference;
			repositoryURL = "https://github.com/Kilo-Loco/AmplifyImage.git";
			requirement = {
				branch = main;
				kind = branch;
			};
		};
/* End XCRemoteSwiftPackageReference section */

/* Begin XCSwiftPackageProductDependency section */
		024393912BAC95F200263F15 /* Amplify */ = {
			isa = XCSwiftPackageProductDependency;
			package = 024393902BAC95F200263F15 /* XCRemoteSwiftPackageReference "amplify-ios" */;
			productName = Amplify;
		};
		0243939C2BAE11AE00263F15 /* AWSCognitoAuthPlugin */ = {
			isa = XCSwiftPackageProductDependency;
			package = 024393902BAC95F200263F15 /* XCRemoteSwiftPackageReference "amplify-ios" */;
			productName = AWSCognitoAuthPlugin;
		};
		024393A12BAE1A1D00263F15 /* AWSDataStorePlugin */ = {
			isa = XCSwiftPackageProductDependency;
			package = 024393902BAC95F200263F15 /* XCRemoteSwiftPackageReference "amplify-ios" */;
			productName = AWSDataStorePlugin;
		};
		024393B22BAE200500263F15 /* AmplifyImage */ = {
			isa = XCSwiftPackageProductDependency;
			package = 024393B12BAE200500263F15 /* XCRemoteSwiftPackageReference "AmplifyImage" */;
			productName = AmplifyImage;
		};
		02A6CDE02BB271A6003A3FAD /* AWSS3StoragePlugin */ = {
			isa = XCSwiftPackageProductDependency;
			package = 024393902BAC95F200263F15 /* XCRemoteSwiftPackageReference "amplify-ios" */;
			productName = AWSS3StoragePlugin;
		};
/* End XCSwiftPackageProductDependency section */
	};
	rootObject = 024393772BAC920200263F15 /* Project object */;
}
