// !$*UTF8*$!
{
	archiveVersion = 1;
	classes = {
	};
	objectVersion = 56;
	objects = {

/* Begin PBXBuildFile section */
		0187B57A0260D8844FEB4B01 /* User+Schema.swift in Sources */ = {isa = PBXBuildFile; fileRef = A0296ADF5FB6F1F0D4C18366 /* User+Schema.swift */; };
		024393832BAC920300263F15 /* ShopTillYouDropApp.swift in Sources */ = {isa = PBXBuildFile; fileRef = 024393822BAC920300263F15 /* ShopTillYouDropApp.swift */; };
		024393852BAC920300263F15 /* ContentView.swift in Sources */ = {isa = PBXBuildFile; fileRef = 024393842BAC920300263F15 /* ContentView.swift */; };
		024393872BAC920400263F15 /* Assets.xcassets in Resources */ = {isa = PBXBuildFile; fileRef = 024393862BAC920400263F15 /* Assets.xcassets */; };
		0243938A2BAC920400263F15 /* Preview Assets.xcassets in Resources */ = {isa = PBXBuildFile; fileRef = 024393892BAC920400263F15 /* Preview Assets.xcassets */; };
		024393962BAC96DA00263F15 /* Login.swift in Sources */ = {isa = PBXBuildFile; fileRef = 024393952BAC96DA00263F15 /* Login.swift */; };
		024393982BAC970500263F15 /* Signup.swift in Sources */ = {isa = PBXBuildFile; fileRef = 024393972BAC970500263F15 /* Signup.swift */; };
		0243939A2BAC972F00263F15 /* ConfirmSignup.swift in Sources */ = {isa = PBXBuildFile; fileRef = 024393992BAC972F00263F15 /* ConfirmSignup.swift */; };
		024393A02BAE147100263F15 /* Components.swift in Sources */ = {isa = PBXBuildFile; fileRef = 0243939F2BAE147100263F15 /* Components.swift */; };
		024393A52BAE1A8600263F15 /* UserState.swift in Sources */ = {isa = PBXBuildFile; fileRef = 024393A42BAE1A8600263F15 /* UserState.swift */; };
		024393A72BAE1AD000263F15 /* AppError.swift in Sources */ = {isa = PBXBuildFile; fileRef = 024393A62BAE1AD000263F15 /* AppError.swift */; };
		024393A92BAE1AEB00263F15 /* SessionView.swift in Sources */ = {isa = PBXBuildFile; fileRef = 024393A82BAE1AEB00263F15 /* SessionView.swift */; };
		024393AB2BAE1BBE00263F15 /* UserProfile.swift in Sources */ = {isa = PBXBuildFile; fileRef = 024393AA2BAE1BBE00263F15 /* UserProfile.swift */; };
		024393AD2BAE1C0400263F15 /* MainTab.swift in Sources */ = {isa = PBXBuildFile; fileRef = 024393AC2BAE1C0400263F15 /* MainTab.swift */; };
		024393B02BAE1DA000263F15 /* AvatarView.swift in Sources */ = {isa = PBXBuildFile; fileRef = 024393AF2BAE1DA000263F15 /* AvatarView.swift */; };
		025A06FE2BC77AB8005AF405 /* ProductDetailView.swift in Sources */ = {isa = PBXBuildFile; fileRef = 025A06FD2BC77AB8005AF405 /* ProductDetailView.swift */; };
		025A07002BC7996A005AF405 /* WishlistDetailView.swift in Sources */ = {isa = PBXBuildFile; fileRef = 025A06FF2BC7996A005AF405 /* WishlistDetailView.swift */; };
		0277B4182BC28DA000047B1B /* AppSyncRealTimeClient in Frameworks */ = {isa = PBXBuildFile; productRef = 0277B4172BC28DA000047B1B /* AppSyncRealTimeClient */; };
		0277B41B2BC28E4E00047B1B /* AWSAPIPlugin in Frameworks */ = {isa = PBXBuildFile; productRef = 0277B41A2BC28E4E00047B1B /* AWSAPIPlugin */; };
		0277B41D2BC28E4E00047B1B /* AWSCognitoAuthPlugin in Frameworks */ = {isa = PBXBuildFile; productRef = 0277B41C2BC28E4E00047B1B /* AWSCognitoAuthPlugin */; };
		0277B4212BC28E4E00047B1B /* Amplify in Frameworks */ = {isa = PBXBuildFile; productRef = 0277B4202BC28E4E00047B1B /* Amplify */; };
		0277B4232BC2912C00047B1B /* AWSDataStorePlugin in Frameworks */ = {isa = PBXBuildFile; productRef = 0277B4222BC2912C00047B1B /* AWSDataStorePlugin */; };
		0277B4282BC2A91600047B1B /* AWSS3StoragePlugin in Frameworks */ = {isa = PBXBuildFile; productRef = 0277B4272BC2A91600047B1B /* AWSS3StoragePlugin */; };
		0277B42A2BC2B8CF00047B1B /* StorageService.swift in Sources */ = {isa = PBXBuildFile; fileRef = 0277B4292BC2B8CF00047B1B /* StorageService.swift */; };
		02A6CDE42BB27361003A3FAD /* ImagePickerView.swift in Sources */ = {isa = PBXBuildFile; fileRef = 02A6CDE32BB27361003A3FAD /* ImagePickerView.swift */; };
		02A6CDE62BB27965003A3FAD /* Homepage.swift in Sources */ = {isa = PBXBuildFile; fileRef = 02A6CDE52BB27965003A3FAD /* Homepage.swift */; };
		02A6CDE82BB27B0F003A3FAD /* Input.swift in Sources */ = {isa = PBXBuildFile; fileRef = 02A6CDE72BB27B0F003A3FAD /* Input.swift */; };
		02A6CDEA2BB27BC4003A3FAD /* LibraryPicker.swift in Sources */ = {isa = PBXBuildFile; fileRef = 02A6CDE92BB27BC4003A3FAD /* LibraryPicker.swift */; };
		02A6CDEC2BB27C1F003A3FAD /* Classifier.swift in Sources */ = {isa = PBXBuildFile; fileRef = 02A6CDEB2BB27C1F003A3FAD /* Classifier.swift */; };
		02A6CDEE2BB27C79003A3FAD /* ImageClassifier.swift in Sources */ = {isa = PBXBuildFile; fileRef = 02A6CDED2BB27C79003A3FAD /* ImageClassifier.swift */; };
		02A6CDF02BB27CE4003A3FAD /* MobileNetV2.mlmodel in Sources */ = {isa = PBXBuildFile; fileRef = 02A6CDEF2BB27CE3003A3FAD /* MobileNetV2.mlmodel */; };
		02A6CDF42BB386E2003A3FAD /* Product.swift in Sources */ = {isa = PBXBuildFile; fileRef = 02A6CDF32BB386E2003A3FAD /* Product.swift */; };
		02A6CDF82BB387CC003A3FAD /* ProductView.swift in Sources */ = {isa = PBXBuildFile; fileRef = 02A6CDF72BB387CC003A3FAD /* ProductView.swift */; };
		02C20AF42BB7F8920085852E /* WishlistView.swift in Sources */ = {isa = PBXBuildFile; fileRef = 02C20AF32BB7F8920085852E /* WishlistView.swift */; };
		0DDCFE163DB4F763B04CCB01 /* AmplifyModels.swift in Sources */ = {isa = PBXBuildFile; fileRef = 322E40C4C84A2D51A0BD47BB /* AmplifyModels.swift */; };
		18A8B487430A1F502AD70D77 /* ProductDataState+Schema.swift in Sources */ = {isa = PBXBuildFile; fileRef = 24DED1FFFE93B6A68BE36E48 /* ProductDataState+Schema.swift */; };
		23957D65C16157AD33F3BDA6 /* ProductDataState+Schema.swift in Sources */ = {isa = PBXBuildFile; fileRef = 24DED1FFFE93B6A68BE36E48 /* ProductDataState+Schema.swift */; };
		27AA83A9B20ED8B249EB3AED /* User.swift in Sources */ = {isa = PBXBuildFile; fileRef = 6B6DF7E36FA4A6A0E17082E7 /* User.swift */; };
		2A94A690B0B21EFBC27398A9 /* User.swift in Sources */ = {isa = PBXBuildFile; fileRef = 6B6DF7E36FA4A6A0E17082E7 /* User.swift */; };
		2EDA2010CD122C726ACF6362 /* User.swift in Sources */ = {isa = PBXBuildFile; fileRef = 6B6DF7E36FA4A6A0E17082E7 /* User.swift */; };
		36DA22FD0F96DF44F7580792 /* OfferDataState.swift in Sources */ = {isa = PBXBuildFile; fileRef = E18D8EB285B7115D679060DA /* OfferDataState.swift */; };
		39A7B56DE5A511CC8CDAEEA5 /* User.swift in Sources */ = {isa = PBXBuildFile; fileRef = 6B6DF7E36FA4A6A0E17082E7 /* User.swift */; };
		3D19CE44AF17CE82AE40FBDB /* OfferLinkStates.swift in Sources */ = {isa = PBXBuildFile; fileRef = 5FCCE77BE97B28701255CC18 /* OfferLinkStates.swift */; };
		3EC98B8A17A6CDE67EBBCAFD /* ProductDataState+Schema.swift in Sources */ = {isa = PBXBuildFile; fileRef = 24DED1FFFE93B6A68BE36E48 /* ProductDataState+Schema.swift */; };
		3F89B4E4FF81C9BCB3A3068C /* ProductDataState+Schema.swift in Sources */ = {isa = PBXBuildFile; fileRef = 24DED1FFFE93B6A68BE36E48 /* ProductDataState+Schema.swift */; };
		4DB30F67F85E2B1B362F6955 /* OfferDataState+Schema.swift in Sources */ = {isa = PBXBuildFile; fileRef = 764F3EB69F3184271649AB26 /* OfferDataState+Schema.swift */; };
		4DC201E99D9548130A71EEA9 /* User.swift in Sources */ = {isa = PBXBuildFile; fileRef = 6B6DF7E36FA4A6A0E17082E7 /* User.swift */; };
		4E6DE580A97F842278617E88 /* User.swift in Sources */ = {isa = PBXBuildFile; fileRef = 6B6DF7E36FA4A6A0E17082E7 /* User.swift */; };
		5630AEDD214E1D48E61D7949 /* User+Schema.swift in Sources */ = {isa = PBXBuildFile; fileRef = A0296ADF5FB6F1F0D4C18366 /* User+Schema.swift */; };
		569278B592E21E854D79E747 /* ProductDataState.swift in Sources */ = {isa = PBXBuildFile; fileRef = 1F343905BF855B2D40E03DB3 /* ProductDataState.swift */; };
		5B2ABEA4DA546FFFDCE5B00A /* ProductDataState+Schema.swift in Sources */ = {isa = PBXBuildFile; fileRef = 24DED1FFFE93B6A68BE36E48 /* ProductDataState+Schema.swift */; };
		689A722B1A87D9E5ABA286B3 /* ProductDataState.swift in Sources */ = {isa = PBXBuildFile; fileRef = 1F343905BF855B2D40E03DB3 /* ProductDataState.swift */; };
		73C8255141D7AD497CB88171 /* User+Schema.swift in Sources */ = {isa = PBXBuildFile; fileRef = A0296ADF5FB6F1F0D4C18366 /* User+Schema.swift */; };
		75A542BD8179F48A7DFE8C5B /* ProductDataState.swift in Sources */ = {isa = PBXBuildFile; fileRef = 1F343905BF855B2D40E03DB3 /* ProductDataState.swift */; };
		771B3D0716889A55370909B1 /* ProductDataState.swift in Sources */ = {isa = PBXBuildFile; fileRef = 1F343905BF855B2D40E03DB3 /* ProductDataState.swift */; };
		AC42B2B797833569010DAB55 /* ProductDataState.swift in Sources */ = {isa = PBXBuildFile; fileRef = 1F343905BF855B2D40E03DB3 /* ProductDataState.swift */; };
		B1FCF18102555E6C2DF12792 /* User+Schema.swift in Sources */ = {isa = PBXBuildFile; fileRef = A0296ADF5FB6F1F0D4C18366 /* User+Schema.swift */; };
		B6582B7E33633B3BF5AC0F39 /* ProductDataState+Schema.swift in Sources */ = {isa = PBXBuildFile; fileRef = 24DED1FFFE93B6A68BE36E48 /* ProductDataState+Schema.swift */; };
		C6340B87F6FCC015C1F1189B /* User+Schema.swift in Sources */ = {isa = PBXBuildFile; fileRef = A0296ADF5FB6F1F0D4C18366 /* User+Schema.swift */; };
		C9EFDFDB060B4E822337E7E1 /* ProductDataState.swift in Sources */ = {isa = PBXBuildFile; fileRef = 1F343905BF855B2D40E03DB3 /* ProductDataState.swift */; };
		CD9532568E41E346560876A7 /* amplifyconfiguration.json in Resources */ = {isa = PBXBuildFile; fileRef = 4A6DC5336CD7AA84BDEC2397 /* amplifyconfiguration.json */; };
		D45F7F934093A35533B52F96 /* User+Schema.swift in Sources */ = {isa = PBXBuildFile; fileRef = A0296ADF5FB6F1F0D4C18366 /* User+Schema.swift */; };
		E8544810EECADD6848CE9990 /* awsconfiguration.json in Resources */ = {isa = PBXBuildFile; fileRef = 0BF00ADDF096579884C9D65E /* awsconfiguration.json */; };
		F69A820353EF42B75C146F52 /* OfferLinkStates+Schema.swift in Sources */ = {isa = PBXBuildFile; fileRef = 483945E0BE404C854485B520 /* OfferLinkStates+Schema.swift */; };
/* End PBXBuildFile section */

/* Begin PBXFileReference section */
		0243937F2BAC920300263F15 /* ShopTillYouDrop.app */ = {isa = PBXFileReference; explicitFileType = wrapper.application; includeInIndex = 0; path = ShopTillYouDrop.app; sourceTree = BUILT_PRODUCTS_DIR; };
		024393822BAC920300263F15 /* ShopTillYouDropApp.swift */ = {isa = PBXFileReference; lastKnownFileType = sourcecode.swift; path = ShopTillYouDropApp.swift; sourceTree = "<group>"; };
		024393842BAC920300263F15 /* ContentView.swift */ = {isa = PBXFileReference; lastKnownFileType = sourcecode.swift; path = ContentView.swift; sourceTree = "<group>"; };
		024393862BAC920400263F15 /* Assets.xcassets */ = {isa = PBXFileReference; lastKnownFileType = folder.assetcatalog; path = Assets.xcassets; sourceTree = "<group>"; };
		024393892BAC920400263F15 /* Preview Assets.xcassets */ = {isa = PBXFileReference; lastKnownFileType = folder.assetcatalog; path = "Preview Assets.xcassets"; sourceTree = "<group>"; };
		024393952BAC96DA00263F15 /* Login.swift */ = {isa = PBXFileReference; lastKnownFileType = sourcecode.swift; path = Login.swift; sourceTree = "<group>"; };
		024393972BAC970500263F15 /* Signup.swift */ = {isa = PBXFileReference; lastKnownFileType = sourcecode.swift; path = Signup.swift; sourceTree = "<group>"; };
		024393992BAC972F00263F15 /* ConfirmSignup.swift */ = {isa = PBXFileReference; lastKnownFileType = sourcecode.swift; path = ConfirmSignup.swift; sourceTree = "<group>"; };
		0243939F2BAE147100263F15 /* Components.swift */ = {isa = PBXFileReference; lastKnownFileType = sourcecode.swift; path = Components.swift; sourceTree = "<group>"; };
		024393A42BAE1A8600263F15 /* UserState.swift */ = {isa = PBXFileReference; lastKnownFileType = sourcecode.swift; path = UserState.swift; sourceTree = "<group>"; };
		024393A62BAE1AD000263F15 /* AppError.swift */ = {isa = PBXFileReference; lastKnownFileType = sourcecode.swift; path = AppError.swift; sourceTree = "<group>"; };
		024393A82BAE1AEB00263F15 /* SessionView.swift */ = {isa = PBXFileReference; lastKnownFileType = sourcecode.swift; path = SessionView.swift; sourceTree = "<group>"; };
		024393AA2BAE1BBE00263F15 /* UserProfile.swift */ = {isa = PBXFileReference; lastKnownFileType = sourcecode.swift; path = UserProfile.swift; sourceTree = "<group>"; };
		024393AC2BAE1C0400263F15 /* MainTab.swift */ = {isa = PBXFileReference; lastKnownFileType = sourcecode.swift; path = MainTab.swift; sourceTree = "<group>"; };
		024393AF2BAE1DA000263F15 /* AvatarView.swift */ = {isa = PBXFileReference; lastKnownFileType = sourcecode.swift; path = AvatarView.swift; sourceTree = "<group>"; };
		025A06FD2BC77AB8005AF405 /* ProductDetailView.swift */ = {isa = PBXFileReference; fileEncoding = 4; lastKnownFileType = sourcecode.swift; path = ProductDetailView.swift; sourceTree = "<group>"; };
		025A06FF2BC7996A005AF405 /* WishlistDetailView.swift */ = {isa = PBXFileReference; fileEncoding = 4; lastKnownFileType = sourcecode.swift; path = WishlistDetailView.swift; sourceTree = "<group>"; };
		0277B4292BC2B8CF00047B1B /* StorageService.swift */ = {isa = PBXFileReference; lastKnownFileType = sourcecode.swift; path = StorageService.swift; sourceTree = "<group>"; };
		02A6CDE32BB27361003A3FAD /* ImagePickerView.swift */ = {isa = PBXFileReference; lastKnownFileType = sourcecode.swift; path = ImagePickerView.swift; sourceTree = "<group>"; };
		02A6CDE52BB27965003A3FAD /* Homepage.swift */ = {isa = PBXFileReference; lastKnownFileType = sourcecode.swift; path = Homepage.swift; sourceTree = "<group>"; };
		02A6CDE72BB27B0F003A3FAD /* Input.swift */ = {isa = PBXFileReference; lastKnownFileType = sourcecode.swift; path = Input.swift; sourceTree = "<group>"; };
		02A6CDE92BB27BC4003A3FAD /* LibraryPicker.swift */ = {isa = PBXFileReference; lastKnownFileType = sourcecode.swift; path = LibraryPicker.swift; sourceTree = "<group>"; };
		02A6CDEB2BB27C1F003A3FAD /* Classifier.swift */ = {isa = PBXFileReference; lastKnownFileType = sourcecode.swift; path = Classifier.swift; sourceTree = "<group>"; };
		02A6CDED2BB27C79003A3FAD /* ImageClassifier.swift */ = {isa = PBXFileReference; lastKnownFileType = sourcecode.swift; path = ImageClassifier.swift; sourceTree = "<group>"; };
		02A6CDEF2BB27CE3003A3FAD /* MobileNetV2.mlmodel */ = {isa = PBXFileReference; lastKnownFileType = file.mlmodel; path = MobileNetV2.mlmodel; sourceTree = "<group>"; };
		02A6CDF32BB386E2003A3FAD /* Product.swift */ = {isa = PBXFileReference; lastKnownFileType = sourcecode.swift; path = Product.swift; sourceTree = "<group>"; };
		02A6CDF72BB387CC003A3FAD /* ProductView.swift */ = {isa = PBXFileReference; lastKnownFileType = sourcecode.swift; path = ProductView.swift; sourceTree = "<group>"; };
		02C20AF32BB7F8920085852E /* WishlistView.swift */ = {isa = PBXFileReference; lastKnownFileType = sourcecode.swift; path = WishlistView.swift; sourceTree = "<group>"; };
		0BF00ADDF096579884C9D65E /* awsconfiguration.json */ = {isa = PBXFileReference; explicitFileType = text.json; path = awsconfiguration.json; sourceTree = "<group>"; };
		1F343905BF855B2D40E03DB3 /* ProductDataState.swift */ = {isa = PBXFileReference; explicitFileType = sourcecode.swift; name = ProductDataState.swift; path = amplify/generated/models/ProductDataState.swift; sourceTree = "<group>"; };
		24DED1FFFE93B6A68BE36E48 /* ProductDataState+Schema.swift */ = {isa = PBXFileReference; explicitFileType = sourcecode.swift; name = "ProductDataState+Schema.swift"; path = "amplify/generated/models/ProductDataState+Schema.swift"; sourceTree = "<group>"; };
		322E40C4C84A2D51A0BD47BB /* AmplifyModels.swift */ = {isa = PBXFileReference; explicitFileType = sourcecode.swift; name = AmplifyModels.swift; path = amplify/generated/models/AmplifyModels.swift; sourceTree = "<group>"; };
		483945E0BE404C854485B520 /* OfferLinkStates+Schema.swift */ = {isa = PBXFileReference; explicitFileType = sourcecode.swift; name = "OfferLinkStates+Schema.swift"; path = "amplify/generated/models/OfferLinkStates+Schema.swift"; sourceTree = "<group>"; };
		4A6DC5336CD7AA84BDEC2397 /* amplifyconfiguration.json */ = {isa = PBXFileReference; explicitFileType = text.json; path = amplifyconfiguration.json; sourceTree = "<group>"; };
		5FCCE77BE97B28701255CC18 /* OfferLinkStates.swift */ = {isa = PBXFileReference; explicitFileType = sourcecode.swift; name = OfferLinkStates.swift; path = amplify/generated/models/OfferLinkStates.swift; sourceTree = "<group>"; };
		6B6DF7E36FA4A6A0E17082E7 /* User.swift */ = {isa = PBXFileReference; explicitFileType = sourcecode.swift; name = User.swift; path = amplify/generated/models/User.swift; sourceTree = "<group>"; };
		764F3EB69F3184271649AB26 /* OfferDataState+Schema.swift */ = {isa = PBXFileReference; explicitFileType = sourcecode.swift; name = "OfferDataState+Schema.swift"; path = "amplify/generated/models/OfferDataState+Schema.swift"; sourceTree = "<group>"; };
		A0296ADF5FB6F1F0D4C18366 /* User+Schema.swift */ = {isa = PBXFileReference; explicitFileType = sourcecode.swift; name = "User+Schema.swift"; path = "amplify/generated/models/User+Schema.swift"; sourceTree = "<group>"; };
		E18D8EB285B7115D679060DA /* OfferDataState.swift */ = {isa = PBXFileReference; explicitFileType = sourcecode.swift; name = OfferDataState.swift; path = amplify/generated/models/OfferDataState.swift; sourceTree = "<group>"; };
/* End PBXFileReference section */

/* Begin PBXFrameworksBuildPhase section */
		0243937C2BAC920300263F15 /* Frameworks */ = {
			isa = PBXFrameworksBuildPhase;
			buildActionMask = 2147483647;
			files = (
				0277B41B2BC28E4E00047B1B /* AWSAPIPlugin in Frameworks */,
				0277B4212BC28E4E00047B1B /* Amplify in Frameworks */,
				0277B4182BC28DA000047B1B /* AppSyncRealTimeClient in Frameworks */,
				0277B4232BC2912C00047B1B /* AWSDataStorePlugin in Frameworks */,
				0277B41D2BC28E4E00047B1B /* AWSCognitoAuthPlugin in Frameworks */,
				0277B4282BC2A91600047B1B /* AWSS3StoragePlugin in Frameworks */,
			);
			runOnlyForDeploymentPostprocessing = 0;
		};
/* End PBXFrameworksBuildPhase section */

/* Begin PBXGroup section */
		024393762BAC920200263F15 = {
			isa = PBXGroup;
			children = (
				024393812BAC920300263F15 /* ShopTillYouDrop */,
				024393802BAC920300263F15 /* Products */,
				0243939B2BAE11AE00263F15 /* Frameworks */,
				FC444AAD0BA51DF91131197C /* AmplifyConfig */,
				A81BD6EDC4AE69B97DF1D3B9 /* AmplifyModels */,
			);
			sourceTree = "<group>";
		};
		024393802BAC920300263F15 /* Products */ = {
			isa = PBXGroup;
			children = (
				0243937F2BAC920300263F15 /* ShopTillYouDrop.app */,
			);
			name = Products;
			sourceTree = "<group>";
		};
		024393812BAC920300263F15 /* ShopTillYouDrop */ = {
			isa = PBXGroup;
			children = (
				02A6CDE22BB27353003A3FAD /* Controller */,
				024393A32BAE1A6F00263F15 /* Model */,
				0243939E2BAE146100263F15 /* Components */,
				024393942BAC96B600263F15 /* Views */,
				024393822BAC920300263F15 /* ShopTillYouDropApp.swift */,
				024393842BAC920300263F15 /* ContentView.swift */,
				024393862BAC920400263F15 /* Assets.xcassets */,
				024393882BAC920400263F15 /* Preview Content */,
			);
			path = ShopTillYouDrop;
			sourceTree = "<group>";
		};
		024393882BAC920400263F15 /* Preview Content */ = {
			isa = PBXGroup;
			children = (
				024393892BAC920400263F15 /* Preview Assets.xcassets */,
			);
			path = "Preview Content";
			sourceTree = "<group>";
		};
		024393942BAC96B600263F15 /* Views */ = {
			isa = PBXGroup;
			children = (
				025A06FF2BC7996A005AF405 /* WishlistDetailView.swift */,
				025A06FD2BC77AB8005AF405 /* ProductDetailView.swift */,
				024393A82BAE1AEB00263F15 /* SessionView.swift */,
				024393952BAC96DA00263F15 /* Login.swift */,
				024393972BAC970500263F15 /* Signup.swift */,
				024393992BAC972F00263F15 /* ConfirmSignup.swift */,
				024393AA2BAE1BBE00263F15 /* UserProfile.swift */,
				024393AC2BAE1C0400263F15 /* MainTab.swift */,
				024393AF2BAE1DA000263F15 /* AvatarView.swift */,
				02A6CDE52BB27965003A3FAD /* Homepage.swift */,
				02A6CDE72BB27B0F003A3FAD /* Input.swift */,
				02A6CDF72BB387CC003A3FAD /* ProductView.swift */,
				02C20AF32BB7F8920085852E /* WishlistView.swift */,
			);
			path = Views;
			sourceTree = "<group>";
		};
		0243939B2BAE11AE00263F15 /* Frameworks */ = {
			isa = PBXGroup;
			children = (
			);
			name = Frameworks;
			sourceTree = "<group>";
		};
		0243939E2BAE146100263F15 /* Components */ = {
			isa = PBXGroup;
			children = (
				02A6CDEF2BB27CE3003A3FAD /* MobileNetV2.mlmodel */,
				0243939F2BAE147100263F15 /* Components.swift */,
			);
			path = Components;
			sourceTree = "<group>";
		};
		024393A32BAE1A6F00263F15 /* Model */ = {
			isa = PBXGroup;
			children = (
				024393A42BAE1A8600263F15 /* UserState.swift */,
				024393A62BAE1AD000263F15 /* AppError.swift */,
				02A6CDEB2BB27C1F003A3FAD /* Classifier.swift */,
				02A6CDED2BB27C79003A3FAD /* ImageClassifier.swift */,
				02A6CDF32BB386E2003A3FAD /* Product.swift */,
			);
			path = Model;
			sourceTree = "<group>";
		};
		02A6CDE22BB27353003A3FAD /* Controller */ = {
			isa = PBXGroup;
			children = (
				02A6CDE32BB27361003A3FAD /* ImagePickerView.swift */,
				02A6CDE92BB27BC4003A3FAD /* LibraryPicker.swift */,
				0277B4292BC2B8CF00047B1B /* StorageService.swift */,
			);
			path = Controller;
			sourceTree = "<group>";
		};
		A81BD6EDC4AE69B97DF1D3B9 /* AmplifyModels */ = {
			isa = PBXGroup;
			children = (
				322E40C4C84A2D51A0BD47BB /* AmplifyModels.swift */,
				24DED1FFFE93B6A68BE36E48 /* ProductDataState+Schema.swift */,
				1F343905BF855B2D40E03DB3 /* ProductDataState.swift */,
				A0296ADF5FB6F1F0D4C18366 /* User+Schema.swift */,
				6B6DF7E36FA4A6A0E17082E7 /* User.swift */,
				764F3EB69F3184271649AB26 /* OfferDataState+Schema.swift */,
				E18D8EB285B7115D679060DA /* OfferDataState.swift */,
				483945E0BE404C854485B520 /* OfferLinkStates+Schema.swift */,
				5FCCE77BE97B28701255CC18 /* OfferLinkStates.swift */,
			);
			name = AmplifyModels;
			sourceTree = "<group>";
		};
		FC444AAD0BA51DF91131197C /* AmplifyConfig */ = {
			isa = PBXGroup;
			children = (
				0BF00ADDF096579884C9D65E /* awsconfiguration.json */,
				4A6DC5336CD7AA84BDEC2397 /* amplifyconfiguration.json */,
			);
			name = AmplifyConfig;
			sourceTree = "<group>";
		};
/* End PBXGroup section */

/* Begin PBXNativeTarget section */
		0243937E2BAC920300263F15 /* ShopTillYouDrop */ = {
			isa = PBXNativeTarget;
			buildConfigurationList = 0243938D2BAC920400263F15 /* Build configuration list for PBXNativeTarget "ShopTillYouDrop" */;
			buildPhases = (
				0243937B2BAC920300263F15 /* Sources */,
				0243937C2BAC920300263F15 /* Frameworks */,
				0243937D2BAC920300263F15 /* Resources */,
			);
			buildRules = (
			);
			dependencies = (
			);
			name = ShopTillYouDrop;
			packageProductDependencies = (
				0277B4172BC28DA000047B1B /* AppSyncRealTimeClient */,
				0277B41A2BC28E4E00047B1B /* AWSAPIPlugin */,
				0277B41C2BC28E4E00047B1B /* AWSCognitoAuthPlugin */,
				0277B4202BC28E4E00047B1B /* Amplify */,
				0277B4222BC2912C00047B1B /* AWSDataStorePlugin */,
				0277B4272BC2A91600047B1B /* AWSS3StoragePlugin */,
			);
			productName = ShopTillYouDrop;
			productReference = 0243937F2BAC920300263F15 /* ShopTillYouDrop.app */;
			productType = "com.apple.product-type.application";
		};
/* End PBXNativeTarget section */

/* Begin PBXProject section */
		024393772BAC920200263F15 /* Project object */ = {
			isa = PBXProject;
			attributes = {
				BuildIndependentTargetsInParallel = 1;
				LastSwiftUpdateCheck = 1410;
				LastUpgradeCheck = 1410;
				TargetAttributes = {
					0243937E2BAC920300263F15 = {
						CreatedOnToolsVersion = 14.1;
					};
				};
			};
			buildConfigurationList = 0243937A2BAC920200263F15 /* Build configuration list for PBXProject "ShopTillYouDrop" */;
			compatibilityVersion = "Xcode 14.0";
			developmentRegion = en;
			hasScannedForEncodings = 0;
			knownRegions = (
				en,
				Base,
			);
			mainGroup = 024393762BAC920200263F15;
			packageReferences = (
				0277B4162BC28DA000047B1B /* XCRemoteSwiftPackageReference "aws-appsync-realtime-client-ios" */,
				0277B4192BC28E4E00047B1B /* XCRemoteSwiftPackageReference "amplify-ios" */,
			);
			productRefGroup = 024393802BAC920300263F15 /* Products */;
			projectDirPath = "";
			projectRoot = "";
			targets = (
				0243937E2BAC920300263F15 /* ShopTillYouDrop */,
			);
		};
/* End PBXProject section */

/* Begin PBXResourcesBuildPhase section */
		0243937D2BAC920300263F15 /* Resources */ = {
			isa = PBXResourcesBuildPhase;
			buildActionMask = 2147483647;
			files = (
				0243938A2BAC920400263F15 /* Preview Assets.xcassets in Resources */,
				024393872BAC920400263F15 /* Assets.xcassets in Resources */,
				E8544810EECADD6848CE9990 /* awsconfiguration.json in Resources */,
				CD9532568E41E346560876A7 /* amplifyconfiguration.json in Resources */,
			);
			runOnlyForDeploymentPostprocessing = 0;
		};
/* End PBXResourcesBuildPhase section */

/* Begin PBXSourcesBuildPhase section */
		0243937B2BAC920300263F15 /* Sources */ = {
			isa = PBXSourcesBuildPhase;
			buildActionMask = 2147483647;
			files = (
				02A6CDF82BB387CC003A3FAD /* ProductView.swift in Sources */,
				02A6CDEC2BB27C1F003A3FAD /* Classifier.swift in Sources */,
				024393962BAC96DA00263F15 /* Login.swift in Sources */,
				024393A02BAE147100263F15 /* Components.swift in Sources */,
				02A6CDE82BB27B0F003A3FAD /* Input.swift in Sources */,
				024393982BAC970500263F15 /* Signup.swift in Sources */,
				0243939A2BAC972F00263F15 /* ConfirmSignup.swift in Sources */,
				024393852BAC920300263F15 /* ContentView.swift in Sources */,
				024393832BAC920300263F15 /* ShopTillYouDropApp.swift in Sources */,
				024393AD2BAE1C0400263F15 /* MainTab.swift in Sources */,
				024393A52BAE1A8600263F15 /* UserState.swift in Sources */,
				02A6CDEA2BB27BC4003A3FAD /* LibraryPicker.swift in Sources */,
				024393A92BAE1AEB00263F15 /* SessionView.swift in Sources */,
				02C20AF42BB7F8920085852E /* WishlistView.swift in Sources */,
				024393A72BAE1AD000263F15 /* AppError.swift in Sources */,
				02A6CDE42BB27361003A3FAD /* ImagePickerView.swift in Sources */,
				02A6CDE62BB27965003A3FAD /* Homepage.swift in Sources */,
				02A6CDF42BB386E2003A3FAD /* Product.swift in Sources */,
				024393B02BAE1DA000263F15 /* AvatarView.swift in Sources */,
				0277B42A2BC2B8CF00047B1B /* StorageService.swift in Sources */,
				025A06FE2BC77AB8005AF405 /* ProductDetailView.swift in Sources */,
				02A6CDEE2BB27C79003A3FAD /* ImageClassifier.swift in Sources */,
				025A07002BC7996A005AF405 /* WishlistDetailView.swift in Sources */,
				02A6CDF02BB27CE4003A3FAD /* MobileNetV2.mlmodel in Sources */,
				024393AB2BAE1BBE00263F15 /* UserProfile.swift in Sources */,
				0DDCFE163DB4F763B04CCB01 /* AmplifyModels.swift in Sources */,
				B6582B7E33633B3BF5AC0F39 /* ProductDataState+Schema.swift in Sources */,
				C9EFDFDB060B4E822337E7E1 /* ProductDataState.swift in Sources */,
				D45F7F934093A35533B52F96 /* User+Schema.swift in Sources */,
				27AA83A9B20ED8B249EB3AED /* User.swift in Sources */,
				4DB30F67F85E2B1B362F6955 /* OfferDataState+Schema.swift in Sources */,
				36DA22FD0F96DF44F7580792 /* OfferDataState.swift in Sources */,
				18A8B487430A1F502AD70D77 /* ProductDataState+Schema.swift in Sources */,
				569278B592E21E854D79E747 /* ProductDataState.swift in Sources */,
				5630AEDD214E1D48E61D7949 /* User+Schema.swift in Sources */,
				39A7B56DE5A511CC8CDAEEA5 /* User.swift in Sources */,
				5B2ABEA4DA546FFFDCE5B00A /* ProductDataState+Schema.swift in Sources */,
				AC42B2B797833569010DAB55 /* ProductDataState.swift in Sources */,
				0187B57A0260D8844FEB4B01 /* User+Schema.swift in Sources */,
				2EDA2010CD122C726ACF6362 /* User.swift in Sources */,
				23957D65C16157AD33F3BDA6 /* ProductDataState+Schema.swift in Sources */,
				689A722B1A87D9E5ABA286B3 /* ProductDataState.swift in Sources */,
				73C8255141D7AD497CB88171 /* User+Schema.swift in Sources */,
				4DC201E99D9548130A71EEA9 /* User.swift in Sources */,
				3F89B4E4FF81C9BCB3A3068C /* ProductDataState+Schema.swift in Sources */,
				75A542BD8179F48A7DFE8C5B /* ProductDataState.swift in Sources */,
				C6340B87F6FCC015C1F1189B /* User+Schema.swift in Sources */,
				2A94A690B0B21EFBC27398A9 /* User.swift in Sources */,
				F69A820353EF42B75C146F52 /* OfferLinkStates+Schema.swift in Sources */,
				3D19CE44AF17CE82AE40FBDB /* OfferLinkStates.swift in Sources */,
				3EC98B8A17A6CDE67EBBCAFD /* ProductDataState+Schema.swift in Sources */,
				771B3D0716889A55370909B1 /* ProductDataState.swift in Sources */,
				B1FCF18102555E6C2DF12792 /* User+Schema.swift in Sources */,
				4E6DE580A97F842278617E88 /* User.swift in Sources */,
			);
			runOnlyForDeploymentPostprocessing = 0;
		};
/* End PBXSourcesBuildPhase section */

/* Begin XCBuildConfiguration section */
		0243938B2BAC920400263F15 /* Debug */ = {
			isa = XCBuildConfiguration;
			buildSettings = {
				ALWAYS_SEARCH_USER_PATHS = NO;
				CLANG_ANALYZER_NONNULL = YES;
				CLANG_ANALYZER_NUMBER_OBJECT_CONVERSION = YES_AGGRESSIVE;
				CLANG_CXX_LANGUAGE_STANDARD = "gnu++20";
				CLANG_ENABLE_MODULES = YES;
				CLANG_ENABLE_OBJC_ARC = YES;
				CLANG_ENABLE_OBJC_WEAK = YES;
				CLANG_WARN_BLOCK_CAPTURE_AUTORELEASING = YES;
				CLANG_WARN_BOOL_CONVERSION = YES;
				CLANG_WARN_COMMA = YES;
				CLANG_WARN_CONSTANT_CONVERSION = YES;
				CLANG_WARN_DEPRECATED_OBJC_IMPLEMENTATIONS = YES;
				CLANG_WARN_DIRECT_OBJC_ISA_USAGE = YES_ERROR;
				CLANG_WARN_DOCUMENTATION_COMMENTS = YES;
				CLANG_WARN_EMPTY_BODY = YES;
				CLANG_WARN_ENUM_CONVERSION = YES;
				CLANG_WARN_INFINITE_RECURSION = YES;
				CLANG_WARN_INT_CONVERSION = YES;
				CLANG_WARN_NON_LITERAL_NULL_CONVERSION = YES;
				CLANG_WARN_OBJC_IMPLICIT_RETAIN_SELF = YES;
				CLANG_WARN_OBJC_LITERAL_CONVERSION = YES;
				CLANG_WARN_OBJC_ROOT_CLASS = YES_ERROR;
				CLANG_WARN_QUOTED_INCLUDE_IN_FRAMEWORK_HEADER = YES;
				CLANG_WARN_RANGE_LOOP_ANALYSIS = YES;
				CLANG_WARN_STRICT_PROTOTYPES = YES;
				CLANG_WARN_SUSPICIOUS_MOVE = YES;
				CLANG_WARN_UNGUARDED_AVAILABILITY = YES_AGGRESSIVE;
				CLANG_WARN_UNREACHABLE_CODE = YES;
				CLANG_WARN__DUPLICATE_METHOD_MATCH = YES;
				COPY_PHASE_STRIP = NO;
				DEBUG_INFORMATION_FORMAT = dwarf;
				ENABLE_STRICT_OBJC_MSGSEND = YES;
				ENABLE_TESTABILITY = YES;
				GCC_C_LANGUAGE_STANDARD = gnu11;
				GCC_DYNAMIC_NO_PIC = NO;
				GCC_NO_COMMON_BLOCKS = YES;
				GCC_OPTIMIZATION_LEVEL = 0;
				GCC_PREPROCESSOR_DEFINITIONS = (
					"DEBUG=1",
					"$(inherited)",
				);
				GCC_WARN_64_TO_32_BIT_CONVERSION = YES;
				GCC_WARN_ABOUT_RETURN_TYPE = YES_ERROR;
				GCC_WARN_UNDECLARED_SELECTOR = YES;
				GCC_WARN_UNINITIALIZED_AUTOS = YES_AGGRESSIVE;
				GCC_WARN_UNUSED_FUNCTION = YES;
				GCC_WARN_UNUSED_VARIABLE = YES;
				IPHONEOS_DEPLOYMENT_TARGET = 16.1;
				MTL_ENABLE_DEBUG_INFO = INCLUDE_SOURCE;
				MTL_FAST_MATH = YES;
				ONLY_ACTIVE_ARCH = YES;
				SDKROOT = iphoneos;
				SWIFT_ACTIVE_COMPILATION_CONDITIONS = DEBUG;
				SWIFT_OPTIMIZATION_LEVEL = "-Onone";
			};
			name = Debug;
		};
		0243938C2BAC920400263F15 /* Release */ = {
			isa = XCBuildConfiguration;
			buildSettings = {
				ALWAYS_SEARCH_USER_PATHS = NO;
				CLANG_ANALYZER_NONNULL = YES;
				CLANG_ANALYZER_NUMBER_OBJECT_CONVERSION = YES_AGGRESSIVE;
				CLANG_CXX_LANGUAGE_STANDARD = "gnu++20";
				CLANG_ENABLE_MODULES = YES;
				CLANG_ENABLE_OBJC_ARC = YES;
				CLANG_ENABLE_OBJC_WEAK = YES;
				CLANG_WARN_BLOCK_CAPTURE_AUTORELEASING = YES;
				CLANG_WARN_BOOL_CONVERSION = YES;
				CLANG_WARN_COMMA = YES;
				CLANG_WARN_CONSTANT_CONVERSION = YES;
				CLANG_WARN_DEPRECATED_OBJC_IMPLEMENTATIONS = YES;
				CLANG_WARN_DIRECT_OBJC_ISA_USAGE = YES_ERROR;
				CLANG_WARN_DOCUMENTATION_COMMENTS = YES;
				CLANG_WARN_EMPTY_BODY = YES;
				CLANG_WARN_ENUM_CONVERSION = YES;
				CLANG_WARN_INFINITE_RECURSION = YES;
				CLANG_WARN_INT_CONVERSION = YES;
				CLANG_WARN_NON_LITERAL_NULL_CONVERSION = YES;
				CLANG_WARN_OBJC_IMPLICIT_RETAIN_SELF = YES;
				CLANG_WARN_OBJC_LITERAL_CONVERSION = YES;
				CLANG_WARN_OBJC_ROOT_CLASS = YES_ERROR;
				CLANG_WARN_QUOTED_INCLUDE_IN_FRAMEWORK_HEADER = YES;
				CLANG_WARN_RANGE_LOOP_ANALYSIS = YES;
				CLANG_WARN_STRICT_PROTOTYPES = YES;
				CLANG_WARN_SUSPICIOUS_MOVE = YES;
				CLANG_WARN_UNGUARDED_AVAILABILITY = YES_AGGRESSIVE;
				CLANG_WARN_UNREACHABLE_CODE = YES;
				CLANG_WARN__DUPLICATE_METHOD_MATCH = YES;
				COPY_PHASE_STRIP = NO;
				DEBUG_INFORMATION_FORMAT = "dwarf-with-dsym";
				ENABLE_NS_ASSERTIONS = NO;
				ENABLE_STRICT_OBJC_MSGSEND = YES;
				GCC_C_LANGUAGE_STANDARD = gnu11;
				GCC_NO_COMMON_BLOCKS = YES;
				GCC_WARN_64_TO_32_BIT_CONVERSION = YES;
				GCC_WARN_ABOUT_RETURN_TYPE = YES_ERROR;
				GCC_WARN_UNDECLARED_SELECTOR = YES;
				GCC_WARN_UNINITIALIZED_AUTOS = YES_AGGRESSIVE;
				GCC_WARN_UNUSED_FUNCTION = YES;
				GCC_WARN_UNUSED_VARIABLE = YES;
				IPHONEOS_DEPLOYMENT_TARGET = 16.1;
				MTL_ENABLE_DEBUG_INFO = NO;
				MTL_FAST_MATH = YES;
				SDKROOT = iphoneos;
				SWIFT_COMPILATION_MODE = wholemodule;
				SWIFT_OPTIMIZATION_LEVEL = "-O";
				VALIDATE_PRODUCT = YES;
			};
			name = Release;
		};
		0243938E2BAC920400263F15 /* Debug */ = {
			isa = XCBuildConfiguration;
			buildSettings = {
				ASSETCATALOG_COMPILER_APPICON_NAME = AppIcon;
				ASSETCATALOG_COMPILER_GLOBAL_ACCENT_COLOR_NAME = AccentColor;
				CODE_SIGN_STYLE = Automatic;
				CURRENT_PROJECT_VERSION = 1;
				DEVELOPMENT_ASSET_PATHS = "\"ShopTillYouDrop/Preview Content\"";
				DEVELOPMENT_TEAM = PNR82J99FX;
				ENABLE_PREVIEWS = YES;
				GENERATE_INFOPLIST_FILE = YES;
				INFOPLIST_KEY_NSPhotoLibraryUsageDescription = "";
				INFOPLIST_KEY_UIApplicationSceneManifest_Generation = YES;
				INFOPLIST_KEY_UIApplicationSupportsIndirectInputEvents = YES;
				INFOPLIST_KEY_UILaunchScreen_Generation = YES;
				INFOPLIST_KEY_UISupportedInterfaceOrientations_iPad = "UIInterfaceOrientationPortrait UIInterfaceOrientationPortraitUpsideDown UIInterfaceOrientationLandscapeLeft UIInterfaceOrientationLandscapeRight";
				INFOPLIST_KEY_UISupportedInterfaceOrientations_iPhone = "UIInterfaceOrientationPortrait UIInterfaceOrientationLandscapeLeft UIInterfaceOrientationLandscapeRight";
				LD_RUNPATH_SEARCH_PATHS = (
					"$(inherited)",
					"@executable_path/Frameworks",
				);
				MARKETING_VERSION = 1.0;
				PRODUCT_BUNDLE_IDENTIFIER = com.muaz.ShopTillYouDrop;
				PRODUCT_NAME = "$(TARGET_NAME)";
				SWIFT_EMIT_LOC_STRINGS = YES;
				SWIFT_VERSION = 5.0;
				TARGETED_DEVICE_FAMILY = "1,2";
			};
			name = Debug;
		};
		0243938F2BAC920400263F15 /* Release */ = {
			isa = XCBuildConfiguration;
			buildSettings = {
				ASSETCATALOG_COMPILER_APPICON_NAME = AppIcon;
				ASSETCATALOG_COMPILER_GLOBAL_ACCENT_COLOR_NAME = AccentColor;
				CODE_SIGN_STYLE = Automatic;
				CURRENT_PROJECT_VERSION = 1;
				DEVELOPMENT_ASSET_PATHS = "\"ShopTillYouDrop/Preview Content\"";
				DEVELOPMENT_TEAM = PNR82J99FX;
				ENABLE_PREVIEWS = YES;
				GENERATE_INFOPLIST_FILE = YES;
				INFOPLIST_KEY_NSPhotoLibraryUsageDescription = "";
				INFOPLIST_KEY_UIApplicationSceneManifest_Generation = YES;
				INFOPLIST_KEY_UIApplicationSupportsIndirectInputEvents = YES;
				INFOPLIST_KEY_UILaunchScreen_Generation = YES;
				INFOPLIST_KEY_UISupportedInterfaceOrientations_iPad = "UIInterfaceOrientationPortrait UIInterfaceOrientationPortraitUpsideDown UIInterfaceOrientationLandscapeLeft UIInterfaceOrientationLandscapeRight";
				INFOPLIST_KEY_UISupportedInterfaceOrientations_iPhone = "UIInterfaceOrientationPortrait UIInterfaceOrientationLandscapeLeft UIInterfaceOrientationLandscapeRight";
				LD_RUNPATH_SEARCH_PATHS = (
					"$(inherited)",
					"@executable_path/Frameworks",
				);
				MARKETING_VERSION = 1.0;
				PRODUCT_BUNDLE_IDENTIFIER = com.muaz.ShopTillYouDrop;
				PRODUCT_NAME = "$(TARGET_NAME)";
				SWIFT_EMIT_LOC_STRINGS = YES;
				SWIFT_VERSION = 5.0;
				TARGETED_DEVICE_FAMILY = "1,2";
			};
			name = Release;
		};
/* End XCBuildConfiguration section */

/* Begin XCConfigurationList section */
		0243937A2BAC920200263F15 /* Build configuration list for PBXProject "ShopTillYouDrop" */ = {
			isa = XCConfigurationList;
			buildConfigurations = (
				0243938B2BAC920400263F15 /* Debug */,
				0243938C2BAC920400263F15 /* Release */,
			);
			defaultConfigurationIsVisible = 0;
			defaultConfigurationName = Release;
		};
		0243938D2BAC920400263F15 /* Build configuration list for PBXNativeTarget "ShopTillYouDrop" */ = {
			isa = XCConfigurationList;
			buildConfigurations = (
				0243938E2BAC920400263F15 /* Debug */,
				0243938F2BAC920400263F15 /* Release */,
			);
			defaultConfigurationIsVisible = 0;
			defaultConfigurationName = Release;
		};
/* End XCConfigurationList section */

/* Begin XCRemoteSwiftPackageReference section */
		0277B4162BC28DA000047B1B /* XCRemoteSwiftPackageReference "aws-appsync-realtime-client-ios" */ = {
			isa = XCRemoteSwiftPackageReference;
			repositoryURL = "https://github.com/aws-amplify/aws-appsync-realtime-client-ios";
			requirement = {
				kind = upToNextMajorVersion;
				minimumVersion = 3.0.0;
			};
		};
		0277B4192BC28E4E00047B1B /* XCRemoteSwiftPackageReference "amplify-ios" */ = {
			isa = XCRemoteSwiftPackageReference;
			repositoryURL = "https://github.com/aws-amplify/amplify-ios";
			requirement = {
				kind = exactVersion;
				version = 2.9.1;
			};
		};
/* End XCRemoteSwiftPackageReference section */

/* Begin XCSwiftPackageProductDependency section */
		0277B4172BC28DA000047B1B /* AppSyncRealTimeClient */ = {
			isa = XCSwiftPackageProductDependency;
			package = 0277B4162BC28DA000047B1B /* XCRemoteSwiftPackageReference "aws-appsync-realtime-client-ios" */;
			productName = AppSyncRealTimeClient;
		};
		0277B41A2BC28E4E00047B1B /* AWSAPIPlugin */ = {
			isa = XCSwiftPackageProductDependency;
			package = 0277B4192BC28E4E00047B1B /* XCRemoteSwiftPackageReference "amplify-ios" */;
			productName = AWSAPIPlugin;
		};
		0277B41C2BC28E4E00047B1B /* AWSCognitoAuthPlugin */ = {
			isa = XCSwiftPackageProductDependency;
			package = 0277B4192BC28E4E00047B1B /* XCRemoteSwiftPackageReference "amplify-ios" */;
			productName = AWSCognitoAuthPlugin;
		};
		0277B4202BC28E4E00047B1B /* Amplify */ = {
			isa = XCSwiftPackageProductDependency;
			package = 0277B4192BC28E4E00047B1B /* XCRemoteSwiftPackageReference "amplify-ios" */;
			productName = Amplify;
		};
		0277B4222BC2912C00047B1B /* AWSDataStorePlugin */ = {
			isa = XCSwiftPackageProductDependency;
			package = 0277B4192BC28E4E00047B1B /* XCRemoteSwiftPackageReference "amplify-ios" */;
			productName = AWSDataStorePlugin;
		};
		0277B4272BC2A91600047B1B /* AWSS3StoragePlugin */ = {
			isa = XCSwiftPackageProductDependency;
			package = 0277B4192BC28E4E00047B1B /* XCRemoteSwiftPackageReference "amplify-ios" */;
			productName = AWSS3StoragePlugin;
		};
/* End XCSwiftPackageProductDependency section */
	};
	rootObject = 024393772BAC920200263F15 /* Project object */;
}
